
Microsoft Visual Studio Solution File, Format Version 12.00
# Visual Studio Version 16
VisualStudioVersion = 16.0.32630.194
MinimumVisualStudioVersion = 10.0.40219.1
Project("{9A19103F-16F7-4668-BE54-9A1E7A4F7556}") = "atishop.product", "atishop.product\atishop.product.csproj", "{D7FD7CD4-CD9F-403E-8C6F-CF2665F93ADB}"
EndProject
Project("{9A19103F-16F7-4668-BE54-9A1E7A4F7556}") = "atishop.apigateway", "atishop.apigateway\atishop.apigateway.csproj", "{F8D20DE5-5DF0-4202-B51C-45FAF8977BA5}"
EndProject
Project("{9A19103F-16F7-4668-BE54-9A1E7A4F7556}") = "atishop.customer", "atishop.customer\atishop.customer.csproj", "{29410B77-C980-43E4-B4B1-E4ED294AF114}"
EndProject
Project("{FAE04EC0-301F-11D3-BF4B-00C04F79EFBC}") = "Atishop.Dataprovider", "Dataprovider\Atishop.Dataprovider.csproj", "{80500E83-41BC-4637-8C95-83256FB7F700}"
EndProject
Global
	GlobalSection(SolutionConfigurationPlatforms) = preSolution
		Debug|Any CPU = Debug|Any CPU
		Release|Any CPU = Release|Any CPU
	EndGlobalSection
	GlobalSection(ProjectConfigurationPlatforms) = postSolution
		{D7FD7CD4-CD9F-403E-8C6F-CF2665F93ADB}.Debug|Any CPU.ActiveCfg = Debug|Any CPU
		{D7FD7CD4-CD9F-403E-8C6F-CF2665F93ADB}.Debug|Any CPU.Build.0 = Debug|Any CPU
		{D7FD7CD4-CD9F-403E-8C6F-CF2665F93ADB}.Release|Any CPU.ActiveCfg = Release|Any CPU
		{D7FD7CD4-CD9F-403E-8C6F-CF2665F93ADB}.Release|Any CPU.Build.0 = Release|Any CPU
		{F8D20DE5-5DF0-4202-B51C-45FAF8977BA5}.Debug|Any CPU.ActiveCfg = Debug|Any CPU
		{F8D20DE5-5DF0-4202-B51C-45FAF8977BA5}.Debug|Any CPU.Build.0 = Debug|Any CPU
		{F8D20DE5-5DF0-4202-B51C-45FAF8977BA5}.Release|Any CPU.ActiveCfg = Release|Any CPU
		{F8D20DE5-5DF0-4202-B51C-45FAF8977BA5}.Release|Any CPU.Build.0 = Release|Any CPU
		{29410B77-C980-43E4-B4B1-E4ED294AF114}.Debug|Any CPU.ActiveCfg = Debug|Any CPU
		{29410B77-C980-43E4-B4B1-E4ED294AF114}.Debug|Any CPU.Build.0 = Debug|Any CPU
		{29410B77-C980-43E4-B4B1-E4ED294AF114}.Release|Any CPU.ActiveCfg = Release|Any CPU
		{29410B77-C980-43E4-B4B1-E4ED294AF114}.Release|Any CPU.Build.0 = Release|Any CPU
		{80500E83-41BC-4637-8C95-83256FB7F700}.Debug|Any CPU.ActiveCfg = Debug|Any CPU
		{80500E83-41BC-4637-8C95-83256FB7F700}.Debug|Any CPU.Build.0 = Debug|Any CPU
		{80500E83-41BC-4637-8C95-83256FB7F700}.Release|Any CPU.ActiveCfg = Release|Any CPU
		{80500E83-41BC-4637-8C95-83256FB7F700}.Release|Any CPU.Build.0 = Release|Any CPU
	EndGlobalSection
	GlobalSection(SolutionProperties) = preSolution
		HideSolutionNode = FALSE
	EndGlobalSection
	GlobalSection(ExtensibilityGlobals) = postSolution
		SolutionGuid = {8C0BCDB3-C06D-4512-AE4E-3A52167C47CC}
	EndGlobalSection
EndGlobal
